lockfileVersion: '9.0'

settings:
  autoInstallPeers: true
  excludeLinksFromLockfile: false

importers:
  .:
    dependencies:
      cookie-parser:
        specifier: ^1.4.7
        version: 1.4.7
      dotenv:
        specifier: ^16.4.7
        version: 16.4.7
      ejs:
        specifier: ^3.1.10
        version: 3.1.10
      express:
        specifier: ^4.21.2
        version: 4.21.2
      mongoose:
        specifier: ^8.9.5
        version: 8.9.5
    devDependencies:
      nodemon:
        specifier: ^3.1.9
        version: 3.1.9
